hash: 97cc2c33645d80ea25273de3c9c7c33848b5537efd3a11d3986e2c22dc4f8027
updated: 2017-05-02T12:27:21.867131123+02:00
imports:
- name: github.com/mh-cbon/astutil
  version: 75d4e84bec87d9e01ff9510a02a39ce781fa1aeb
- name: golang.org/x/tools
  version: 2382e3994d48b1d22acc2c86bcad0a2aff028e32
  subpackages:
  - go/ast/astutil
  - go/buildutil
  - go/loader
testImports: []
